
Microsoft Visual Studio Solution File, Format Version 12.00
# Visual Studio Version 17
VisualStudioVersion = 17.12.35514.174 d17.12
MinimumVisualStudioVersion = 10.0.40219.1
Project("{FAE04EC0-301F-11D3-BF4B-00C04F79EFBC}") = "StudentRegistration", "StudentRegistration.csproj", "{D0C36EA5-0EDF-489A-AB0D-D67292C9712E}"
EndProject
Project("{FAE04EC0-301F-11D3-BF4B-00C04F79EFBC}") = "StudentRegistrationTest", "..\StudentRegistrationTest\StudentRegistrationTest.csproj", "{F01158B1-655E-4D8E-959B-C6ACFD0D5A0C}"
EndProject
Global
	GlobalSection(SolutionConfigurationPlatforms) = preSolution
		Debug|Any CPU = Debug|Any CPU
		Release|Any CPU = Release|Any CPU
	EndGlobalSection
	GlobalSection(ProjectConfigurationPlatforms) = postSolution
		{D0C36EA5-0EDF-489A-AB0D-D67292C9712E}.Debug|Any CPU.ActiveCfg = Debug|Any CPU
		{D0C36EA5-0EDF-489A-AB0D-D67292C9712E}.Debug|Any CPU.Build.0 = Debug|Any CPU
		{D0C36EA5-0EDF-489A-AB0D-D67292C9712E}.Release|Any CPU.ActiveCfg = Release|Any CPU
		{D0C36EA5-0EDF-489A-AB0D-D67292C9712E}.Release|Any CPU.Build.0 = Release|Any CPU
		{F01158B1-655E-4D8E-959B-C6ACFD0D5A0C}.Debug|Any CPU.ActiveCfg = Debug|Any CPU
		{F01158B1-655E-4D8E-959B-C6ACFD0D5A0C}.Debug|Any CPU.Build.0 = Debug|Any CPU
		{F01158B1-655E-4D8E-959B-C6ACFD0D5A0C}.Release|Any CPU.ActiveCfg = Release|Any CPU
		{F01158B1-655E-4D8E-959B-C6ACFD0D5A0C}.Release|Any CPU.Build.0 = Release|Any CPU
	EndGlobalSection
	GlobalSection(SolutionProperties) = preSolution
		HideSolutionNode = FALSE
	EndGlobalSection
EndGlobal
